
Microsoft Visual Studio Solution File, Format Version 12.00
# Visual Studio 2013
VisualStudioVersion = 12.0.31101.0
MinimumVisualStudioVersion = 10.0.40219.1
Project("{FAE04EC0-301F-11D3-BF4B-00C04F79EFBC}") = "TWLauncherFramework", "TWLauncherFramework\TWLauncherFramework.csproj", "{58C6570F-8396-4F00-B9D5-85A038BA0EED}"
EndProject
Global
	GlobalSection(SolutionConfigurationPlatforms) = preSolution
		Debug|Any CPU = Debug|Any CPU
		Release|Any CPU = Release|Any CPU
	EndGlobalSection
	GlobalSection(ProjectConfigurationPlatforms) = postSolution
		{58C6570F-8396-4F00-B9D5-85A038BA0EED}.Debug|Any CPU.ActiveCfg = Debug|Any CPU
		{58C6570F-8396-4F00-B9D5-85A038BA0EED}.Debug|Any CPU.Build.0 = Debug|Any CPU
		{58C6570F-8396-4F00-B9D5-85A038BA0EED}.Release|Any CPU.ActiveCfg = Release|Any CPU
		{58C6570F-8396-4F00-B9D5-85A038BA0EED}.Release|Any CPU.Build.0 = Release|Any CPU
	EndGlobalSection
	GlobalSection(SolutionProperties) = preSolution
		HideSolutionNode = FALSE
	EndGlobalSection
EndGlobal
